
Microsoft Visual Studio Solution File, Format Version 12.00
# Visual Studio Version 17
VisualStudioVersion = 17.11.35327.3
MinimumVisualStudioVersion = 10.0.40219.1
Project("{FAE04EC0-301F-11D3-BF4B-00C04F79EFBC}") = "ForAlgorithm", "ForAlgorithm\ForAlgorithm.csproj", "{3A3D18DC-39D4-4CD2-A6DF-7FDEF9A40A1C}"
EndProject
Global
	GlobalSection(SolutionConfigurationPlatforms) = preSolution
		Debug|Any CPU = Debug|Any CPU
		Release|Any CPU = Release|Any CPU
	EndGlobalSection
	GlobalSection(ProjectConfigurationPlatforms) = postSolution
		{3A3D18DC-39D4-4CD2-A6DF-7FDEF9A40A1C}.Debug|Any CPU.ActiveCfg = Debug|Any CPU
		{3A3D18DC-39D4-4CD2-A6DF-7FDEF9A40A1C}.Debug|Any CPU.Build.0 = Debug|Any CPU
		{3A3D18DC-39D4-4CD2-A6DF-7FDEF9A40A1C}.Release|Any CPU.ActiveCfg = Release|Any CPU
		{3A3D18DC-39D4-4CD2-A6DF-7FDEF9A40A1C}.Release|Any CPU.Build.0 = Release|Any CPU
	EndGlobalSection
	GlobalSection(SolutionProperties) = preSolution
		HideSolutionNode = FALSE
	EndGlobalSection
	GlobalSection(ExtensibilityGlobals) = postSolution
		SolutionGuid = {B60E8EB6-1719-4D9D-B1BA-2A09A8EFC34D}
	EndGlobalSection
EndGlobal
